Microsoft Visual Studio Solution File, Format Version 12.00
# Visual Studio Version 17
VisualStudioVersion = 17.5.2.0
MinimumVisualStudioVersion = 10.0.40219.1
Project("{FAE04EC0-301F-11D3-BF4B-00C04F79EFBC}") = "mindvault", "mindvault.csproj", "{5EB6EE2E-DDEC-8A08-4F87-304E8DDD5F05}"
EndProject
Global
	GlobalSection(SolutionConfigurationPlatforms) = preSolution
		Debug|Any CPU = Debug|Any CPU
		Release|Any CPU = Release|Any CPU
	EndGlobalSection
	GlobalSection(ProjectConfigurationPlatforms) = postSolution
		{5EB6EE2E-DDEC-8A08-4F87-304E8DDD5F05}.Debug|Any CPU.ActiveCfg = Debug|Any CPU
		{5EB6EE2E-DDEC-8A08-4F87-304E8DDD5F05}.Debug|Any CPU.Build.0 = Debug|Any CPU
		{5EB6EE2E-DDEC-8A08-4F87-304E8DDD5F05}.Release|Any CPU.ActiveCfg = Release|Any CPU
		{5EB6EE2E-DDEC-8A08-4F87-304E8DDD5F05}.Release|Any CPU.Build.0 = Release|Any CPU
	EndGlobalSection
	GlobalSection(SolutionProperties) = preSolution
		HideSolutionNode = FALSE
	EndGlobalSection
	GlobalSection(ExtensibilityGlobals) = postSolution
		SolutionGuid = {D26494CD-6B94-49DC-9908-129EBE47899E}
	EndGlobalSection
EndGlobal
